// !$*UTF8*$!
{
	archiveVersion = 1;
	classes = {
	};
	objectVersion = 56;
	objects = {

/* Begin PBXBuildFile section */
		0210E70F2D11878C009AA6D2 /* ChangePasswordViewController.swift in Sources */ = {isa = PBXBuildFile; fileRef = 0210E70E2D11878C009AA6D2 /* ChangePasswordViewController.swift */; };
		0210E7112D118CF9009AA6D2 /* SuccessfulPasswordView.swift in Sources */ = {isa = PBXBuildFile; fileRef = 0210E7102D118CF9009AA6D2 /* SuccessfulPasswordView.swift */; };
		0210E7132D1191A8009AA6D2 /* SuccessPasswordViewController.swift in Sources */ = {isa = PBXBuildFile; fileRef = 0210E7122D1191A8009AA6D2 /* SuccessPasswordViewController.swift */; };
		025312D72D14052F009D576B /* LoginViewModel.swift in Sources */ = {isa = PBXBuildFile; fileRef = 025312D62D14052F009D576B /* LoginViewModel.swift */; };
		026144F32D0C07CA0047996E /* UIViewController.swift in Sources */ = {isa = PBXBuildFile; fileRef = 026144F22D0C07CA0047996E /* UIViewController.swift */; };
		026144F52D0C124C0047996E /* String.swift in Sources */ = {isa = PBXBuildFile; fileRef = 026144F42D0C124C0047996E /* String.swift */; };
		026144F92D0C159C0047996E /* RegisterViewController.swift in Sources */ = {isa = PBXBuildFile; fileRef = 026144F82D0C159C0047996E /* RegisterViewController.swift */; };
		026144FC2D0C1CFC0047996E /* CustomPolicyView.swift in Sources */ = {isa = PBXBuildFile; fileRef = 026144FB2D0C1CFC0047996E /* CustomPolicyView.swift */; };
		026A23542D11C2E9002AE2D2 /* FirebaseAuthManager.swift in Sources */ = {isa = PBXBuildFile; fileRef = 026A23532D11C2E9002AE2D2 /* FirebaseAuthManager.swift */; };
		026A23562D11C40D002AE2D2 /* RegisterViewModel.swift in Sources */ = {isa = PBXBuildFile; fileRef = 026A23552D11C40D002AE2D2 /* RegisterViewModel.swift */; };
		026A23592D1301C2002AE2D2 /* HomeViewController.swift in Sources */ = {isa = PBXBuildFile; fileRef = 026A23582D1301C2002AE2D2 /* HomeViewController.swift */; };
		02E109392D0861B5008D01F5 /* AppDelegate.swift in Sources */ = {isa = PBXBuildFile; fileRef = 02E109382D0861B5008D01F5 /* AppDelegate.swift */; };
		02E1093B2D0861B5008D01F5 /* SceneDelegate.swift in Sources */ = {isa = PBXBuildFile; fileRef = 02E1093A2D0861B5008D01F5 /* SceneDelegate.swift */; };
		02E1093D2D0861B5008D01F5 /* OnboardingViewController.swift in Sources */ = {isa = PBXBuildFile; fileRef = 02E1093C2D0861B5008D01F5 /* OnboardingViewController.swift */; };
		02E109422D0861B6008D01F5 /* Assets.xcassets in Resources */ = {isa = PBXBuildFile; fileRef = 02E109412D0861B6008D01F5 /* Assets.xcassets */; };
		02E109452D0861B6008D01F5 /* Base in Resources */ = {isa = PBXBuildFile; fileRef = 02E109442D0861B6008D01F5 /* Base */; };
		02E109532D0976DF008D01F5 /* OnboardingModel.swift in Sources */ = {isa = PBXBuildFile; fileRef = 02E109522D0976DF008D01F5 /* OnboardingModel.swift */; };
		02E109582D097766008D01F5 /* LoginViewController.swift in Sources */ = {isa = PBXBuildFile; fileRef = 02E109572D097766008D01F5 /* LoginViewController.swift */; };
		02E1095B2D0980B1008D01F5 /* SnapKit in Frameworks */ = {isa = PBXBuildFile; productRef = 02E1095A2D0980B1008D01F5 /* SnapKit */; };
		02E109652D09CC78008D01F5 /* Constants.swift in Sources */ = {isa = PBXBuildFile; fileRef = 02E109642D09CC78008D01F5 /* Constants.swift */; };
		02E1096C2D0AC453008D01F5 /* SlideView.swift in Sources */ = {isa = PBXBuildFile; fileRef = 02E1096B2D0AC453008D01F5 /* SlideView.swift */; };
		02E1096F2D0AC56B008D01F5 /* PrimaryButton.swift in Sources */ = {isa = PBXBuildFile; fileRef = 02E1096E2D0AC56B008D01F5 /* PrimaryButton.swift */; };
		02E109712D0AC58B008D01F5 /* OnboardingLabel.swift in Sources */ = {isa = PBXBuildFile; fileRef = 02E109702D0AC58B008D01F5 /* OnboardingLabel.swift */; };
		02E109732D0ACCC4008D01F5 /* Inter-Bold.ttf in Resources */ = {isa = PBXBuildFile; fileRef = 02E109722D0ACCC4008D01F5 /* Inter-Bold.ttf */; };
		02E109752D0ACCD4008D01F5 /* Inter-Light.ttf in Resources */ = {isa = PBXBuildFile; fileRef = 02E109742D0ACCD4008D01F5 /* Inter-Light.ttf */; };
		02E109772D0ACCE2008D01F5 /* Inter-Regular.ttf in Resources */ = {isa = PBXBuildFile; fileRef = 02E109762D0ACCE2008D01F5 /* Inter-Regular.ttf */; };
		02E109792D0ACCEF008D01F5 /* Inter-SemiBold.ttf in Resources */ = {isa = PBXBuildFile; fileRef = 02E109782D0ACCEF008D01F5 /* Inter-SemiBold.ttf */; };
		02E1097B2D0AF91E008D01F5 /* AuthTextField.swift in Sources */ = {isa = PBXBuildFile; fileRef = 02E1097A2D0AF91E008D01F5 /* AuthTextField.swift */; };
		02E1097E2D0AF9B2008D01F5 /* ActionButton.swift in Sources */ = {isa = PBXBuildFile; fileRef = 02E1097D2D0AF9B2008D01F5 /* ActionButton.swift */; };
		02E109832D0AFEFA008D01F5 /* TitleLabel.swift in Sources */ = {isa = PBXBuildFile; fileRef = 02E109822D0AFEFA008D01F5 /* TitleLabel.swift */; };
		02E109872D0B01BD008D01F5 /* Inter-Medium.ttf in Resources */ = {isa = PBXBuildFile; fileRef = 02E109862D0B01BD008D01F5 /* Inter-Medium.ttf */; };
		02EAACA72D1007E300EA68A5 /* ForgotPasswordViewController.swift in Sources */ = {isa = PBXBuildFile; fileRef = 02EAACA62D1007E300EA68A5 /* ForgotPasswordViewController.swift */; };
		02EAACAB2D101CD600EA68A5 /* ForgotSheetViewController.swift in Sources */ = {isa = PBXBuildFile; fileRef = 02EAACAA2D101CD600EA68A5 /* ForgotSheetViewController.swift */; };
		02EAACAD2D10319B00EA68A5 /* ForgotSheetOptionView.swift in Sources */ = {isa = PBXBuildFile; fileRef = 02EAACAC2D10319B00EA68A5 /* ForgotSheetOptionView.swift */; };
		02EAACAF2D103DD000EA68A5 /* NavigationBar.swift in Sources */ = {isa = PBXBuildFile; fileRef = 02EAACAE2D103DD000EA68A5 /* NavigationBar.swift */; };
		02EAACB62D104B5600EA68A5 /* IconButton.swift in Sources */ = {isa = PBXBuildFile; fileRef = 02EAACB52D104B5600EA68A5 /* IconButton.swift */; };
		02EAACB82D1050D800EA68A5 /* OTPViewController.swift in Sources */ = {isa = PBXBuildFile; fileRef = 02EAACB72D1050D800EA68A5 /* OTPViewController.swift */; };
		02EAACBA2D1064F400EA68A5 /* OTPInputView.swift in Sources */ = {isa = PBXBuildFile; fileRef = 02EAACB92D1064F400EA68A5 /* OTPInputView.swift */; };
		02FED9CE2D119E0E004A80CE /* GoogleService-Info.plist in Resources */ = {isa = PBXBuildFile; fileRef = 02FED9CD2D119E0E004A80CE /* GoogleService-Info.plist */; };
		02FED9D12D119E65004A80CE /* FirebaseAuth in Frameworks */ = {isa = PBXBuildFile; productRef = 02FED9D02D119E65004A80CE /* FirebaseAuth */; };
/* End PBXBuildFile section */

/* Begin PBXFileReference section */
		0210E70E2D11878C009AA6D2 /* ChangePasswordViewController.swift */ = {isa = PBXFileReference; lastKnownFileType = sourcecode.swift; path = ChangePasswordViewController.swift; sourceTree = "<group>"; };
		0210E7102D118CF9009AA6D2 /* SuccessfulPasswordView.swift */ = {isa = PBXFileReference; lastKnownFileType = sourcecode.swift; path = SuccessfulPasswordView.swift; sourceTree = "<group>"; };
		0210E7122D1191A8009AA6D2 /* SuccessPasswordViewController.swift */ = {isa = PBXFileReference; lastKnownFileType = sourcecode.swift; path = SuccessPasswordViewController.swift; sourceTree = "<group>"; };
		025312D62D14052F009D576B /* LoginViewModel.swift */ = {isa = PBXFileReference; lastKnownFileType = sourcecode.swift; path = LoginViewModel.swift; sourceTree = "<group>"; };
		026144F22D0C07CA0047996E /* UIViewController.swift */ = {isa = PBXFileReference; lastKnownFileType = sourcecode.swift; path = UIViewController.swift; sourceTree = "<group>"; };
		026144F42D0C124C0047996E /* String.swift */ = {isa = PBXFileReference; lastKnownFileType = sourcecode.swift; path = String.swift; sourceTree = "<group>"; };
		026144F82D0C159C0047996E /* RegisterViewController.swift */ = {isa = PBXFileReference; lastKnownFileType = sourcecode.swift; path = RegisterViewController.swift; sourceTree = "<group>"; };
		026144FB2D0C1CFC0047996E /* CustomPolicyView.swift */ = {isa = PBXFileReference; lastKnownFileType = sourcecode.swift; path = CustomPolicyView.swift; sourceTree = "<group>"; };
		026A23532D11C2E9002AE2D2 /* FirebaseAuthManager.swift */ = {isa = PBXFileReference; lastKnownFileType = sourcecode.swift; path = FirebaseAuthManager.swift; sourceTree = "<group>"; };
		026A23552D11C40D002AE2D2 /* RegisterViewModel.swift */ = {isa = PBXFileReference; lastKnownFileType = sourcecode.swift; path = RegisterViewModel.swift; sourceTree = "<group>"; };
		026A23582D1301C2002AE2D2 /* HomeViewController.swift */ = {isa = PBXFileReference; lastKnownFileType = sourcecode.swift; path = HomeViewController.swift; sourceTree = "<group>"; };
		02E109352D0861B5008D01F5 /* AIFood.app */ = {isa = PBXFileReference; explicitFileType = wrapper.application; includeInIndex = 0; path = AIFood.app; sourceTree = BUILT_PRODUCTS_DIR; };
		02E109382D0861B5008D01F5 /* AppDelegate.swift */ = {isa = PBXFileReference; lastKnownFileType = sourcecode.swift; path = AppDelegate.swift; sourceTree = "<group>"; };
		02E1093A2D0861B5008D01F5 /* SceneDelegate.swift */ = {isa = PBXFileReference; lastKnownFileType = sourcecode.swift; path = SceneDelegate.swift; sourceTree = "<group>"; };
		02E1093C2D0861B5008D01F5 /* OnboardingViewController.swift */ = {isa = PBXFileReference; lastKnownFileType = sourcecode.swift; path = OnboardingViewController.swift; sourceTree = "<group>"; };
		02E109412D0861B6008D01F5 /* Assets.xcassets */ = {isa = PBXFileReference; lastKnownFileType = folder.assetcatalog; path = Assets.xcassets; sourceTree = "<group>"; };
		02E109442D0861B6008D01F5 /* Base */ = {isa = PBXFileReference; lastKnownFileType = file.storyboard; name = Base; path = Base.lproj/LaunchScreen.storyboard; sourceTree = "<group>"; };
		02E109462D0861B6008D01F5 /* Info.plist */ = {isa = PBXFileReference; lastKnownFileType = text.plist.xml; path = Info.plist; sourceTree = "<group>"; };
		02E109522D0976DF008D01F5 /* OnboardingModel.swift */ = {isa = PBXFileReference; lastKnownFileType = sourcecode.swift; path = OnboardingModel.swift; sourceTree = "<group>"; };
		02E109572D097766008D01F5 /* LoginViewController.swift */ = {isa = PBXFileReference; lastKnownFileType = sourcecode.swift; path = LoginViewController.swift; sourceTree = "<group>"; };
		02E109642D09CC78008D01F5 /* Constants.swift */ = {isa = PBXFileReference; lastKnownFileType = sourcecode.swift; path = Constants.swift; sourceTree = "<group>"; };
		02E1096B2D0AC453008D01F5 /* SlideView.swift */ = {isa = PBXFileReference; lastKnownFileType = sourcecode.swift; path = SlideView.swift; sourceTree = "<group>"; };
		02E1096E2D0AC56B008D01F5 /* PrimaryButton.swift */ = {isa = PBXFileReference; lastKnownFileType = sourcecode.swift; path = PrimaryButton.swift; sourceTree = "<group>"; };
		02E109702D0AC58B008D01F5 /* OnboardingLabel.swift */ = {isa = PBXFileReference; lastKnownFileType = sourcecode.swift; path = OnboardingLabel.swift; sourceTree = "<group>"; };
		02E109722D0ACCC4008D01F5 /* Inter-Bold.ttf */ = {isa = PBXFileReference; lastKnownFileType = file; path = "Inter-Bold.ttf"; sourceTree = "<group>"; };
		02E109742D0ACCD4008D01F5 /* Inter-Light.ttf */ = {isa = PBXFileReference; lastKnownFileType = file; path = "Inter-Light.ttf"; sourceTree = "<group>"; };
		02E109762D0ACCE2008D01F5 /* Inter-Regular.ttf */ = {isa = PBXFileReference; lastKnownFileType = file; path = "Inter-Regular.ttf"; sourceTree = "<group>"; };
		02E109782D0ACCEF008D01F5 /* Inter-SemiBold.ttf */ = {isa = PBXFileReference; lastKnownFileType = file; path = "Inter-SemiBold.ttf"; sourceTree = "<group>"; };
		02E1097A2D0AF91E008D01F5 /* AuthTextField.swift */ = {isa = PBXFileReference; lastKnownFileType = sourcecode.swift; path = AuthTextField.swift; sourceTree = "<group>"; };
		02E1097D2D0AF9B2008D01F5 /* ActionButton.swift */ = {isa = PBXFileReference; lastKnownFileType = sourcecode.swift; path = ActionButton.swift; sourceTree = "<group>"; };
		02E109822D0AFEFA008D01F5 /* TitleLabel.swift */ = {isa = PBXFileReference; lastKnownFileType = sourcecode.swift; path = TitleLabel.swift; sourceTree = "<group>"; };
		02E109862D0B01BD008D01F5 /* Inter-Medium.ttf */ = {isa = PBXFileReference; lastKnownFileType = file; path = "Inter-Medium.ttf"; sourceTree = "<group>"; };
		02EAACA62D1007E300EA68A5 /* ForgotPasswordViewController.swift */ = {isa = PBXFileReference; lastKnownFileType = sourcecode.swift; path = ForgotPasswordViewController.swift; sourceTree = "<group>"; };
		02EAACAA2D101CD600EA68A5 /* ForgotSheetViewController.swift */ = {isa = PBXFileReference; lastKnownFileType = sourcecode.swift; path = ForgotSheetViewController.swift; sourceTree = "<group>"; };
		02EAACAC2D10319B00EA68A5 /* ForgotSheetOptionView.swift */ = {isa = PBXFileReference; lastKnownFileType = sourcecode.swift; path = ForgotSheetOptionView.swift; sourceTree = "<group>"; };
		02EAACAE2D103DD000EA68A5 /* NavigationBar.swift */ = {isa = PBXFileReference; lastKnownFileType = sourcecode.swift; path = NavigationBar.swift; sourceTree = "<group>"; };
		02EAACB52D104B5600EA68A5 /* IconButton.swift */ = {isa = PBXFileReference; lastKnownFileType = sourcecode.swift; path = IconButton.swift; sourceTree = "<group>"; };
		02EAACB72D1050D800EA68A5 /* OTPViewController.swift */ = {isa = PBXFileReference; lastKnownFileType = sourcecode.swift; path = OTPViewController.swift; sourceTree = "<group>"; };
		02EAACB92D1064F400EA68A5 /* OTPInputView.swift */ = {isa = PBXFileReference; lastKnownFileType = sourcecode.swift; path = OTPInputView.swift; sourceTree = "<group>"; };
		02FED9CD2D119E0E004A80CE /* GoogleService-Info.plist */ = {isa = PBXFileReference; fileEncoding = 4; lastKnownFileType = text.plist.xml; path = "GoogleService-Info.plist"; sourceTree = "<group>"; };
/* End PBXFileReference section */

/* Begin PBXFrameworksBuildPhase section */
		02E109322D0861B5008D01F5 /* Frameworks */ = {
			isa = PBXFrameworksBuildPhase;
			buildActionMask = 2147483647;
			files = (
				02E1095B2D0980B1008D01F5 /* SnapKit in Frameworks */,
				02FED9D12D119E65004A80CE /* FirebaseAuth in Frameworks */,
			);
			runOnlyForDeploymentPostprocessing = 0;
		};
/* End PBXFrameworksBuildPhase section */

/* Begin PBXGroup section */
		026144F12D0C07790047996E /* Extensions */ = {
			isa = PBXGroup;
			children = (
				026144F22D0C07CA0047996E /* UIViewController.swift */,
				026144F42D0C124C0047996E /* String.swift */,
			);
			path = Extensions;
			sourceTree = "<group>";
		};
		026144F62D0C15550047996E /* Authentication */ = {
			isa = PBXGroup;
			children = (
				02E109502D08629C008D01F5 /* Login */,
				026144F72D0C15750047996E /* Register */,
				02EAACA52D1007B900EA68A5 /* ForgotPassword */,
			);
			path = Authentication;
			sourceTree = "<group>";
		};
		026144F72D0C15750047996E /* Register */ = {
			isa = PBXGroup;
			children = (
				026144F82D0C159C0047996E /* RegisterViewController.swift */,
				026144FA2D0C1CEC0047996E /* View */,
			);
			path = Register;
			sourceTree = "<group>";
		};
		026144FA2D0C1CEC0047996E /* View */ = {
			isa = PBXGroup;
			children = (
				026144FB2D0C1CFC0047996E /* CustomPolicyView.swift */,
			);
			path = View;
			sourceTree = "<group>";
		};
		026A23572D1301B1002AE2D2 /* Home */ = {
			isa = PBXGroup;
			children = (
				026A23582D1301C2002AE2D2 /* HomeViewController.swift */,
			);
			path = Home;
			sourceTree = "<group>";
		};
		02E1092C2D0861B5008D01F5 = {
			isa = PBXGroup;
			children = (
				02E109372D0861B5008D01F5 /* AIFood */,
				02E109362D0861B5008D01F5 /* Products */,
			);
			sourceTree = "<group>";
		};
		02E109362D0861B5008D01F5 /* Products */ = {
			isa = PBXGroup;
			children = (
				02E109352D0861B5008D01F5 /* AIFood.app */,
			);
			name = Products;
			sourceTree = "<group>";
		};
		02E109372D0861B5008D01F5 /* AIFood */ = {
			isa = PBXGroup;
			children = (
				02E1094C2D08623F008D01F5 /* Application */,
				02E1094D2D086261008D01F5 /* Resources */,
				026144F12D0C07790047996E /* Extensions */,
				02E109632D09CC67008D01F5 /* Constants */,
				02E1096D2D0AC515008D01F5 /* UI Components */,
				02FED9D32D11A902004A80CE /* Manager */,
				02E109512D0976CA008D01F5 /* Model */,
				02FED9D22D11A8ED004A80CE /* ViewModel */,
				02E1094E2D08628B008D01F5 /* Modules */,
			);
			path = AIFood;
			sourceTree = "<group>";
		};
		02E1094C2D08623F008D01F5 /* Application */ = {
			isa = PBXGroup;
			children = (
				02E109382D0861B5008D01F5 /* AppDelegate.swift */,
				02E1093A2D0861B5008D01F5 /* SceneDelegate.swift */,
				02E109432D0861B6008D01F5 /* LaunchScreen.storyboard */,
				02E109462D0861B6008D01F5 /* Info.plist */,
				02FED9CD2D119E0E004A80CE /* GoogleService-Info.plist */,
			);
			path = Application;
			sourceTree = "<group>";
		};
		02E1094D2D086261008D01F5 /* Resources */ = {
			isa = PBXGroup;
			children = (
				02E109662D09CE13008D01F5 /* Font */,
				02E109412D0861B6008D01F5 /* Assets.xcassets */,
			);
			path = Resources;
			sourceTree = "<group>";
		};
		02E1094E2D08628B008D01F5 /* Modules */ = {
			isa = PBXGroup;
			children = (
				02E1094F2D086295008D01F5 /* Onboarding */,
				026144F62D0C15550047996E /* Authentication */,
				026A23572D1301B1002AE2D2 /* Home */,
			);
			path = Modules;
			sourceTree = "<group>";
		};
		02E1094F2D086295008D01F5 /* Onboarding */ = {
			isa = PBXGroup;
			children = (
				02E1093C2D0861B5008D01F5 /* OnboardingViewController.swift */,
				02E1096B2D0AC453008D01F5 /* SlideView.swift */,
			);
			path = Onboarding;
			sourceTree = "<group>";
		};
		02E109502D08629C008D01F5 /* Login */ = {
			isa = PBXGroup;
			children = (
				02E109572D097766008D01F5 /* LoginViewController.swift */,
			);
			path = Login;
			sourceTree = "<group>";
		};
		02E109512D0976CA008D01F5 /* Model */ = {
			isa = PBXGroup;
			children = (
				02E109522D0976DF008D01F5 /* OnboardingModel.swift */,
			);
			path = Model;
			sourceTree = "<group>";
		};
		02E109632D09CC67008D01F5 /* Constants */ = {
			isa = PBXGroup;
			children = (
				02E109642D09CC78008D01F5 /* Constants.swift */,
			);
			path = Constants;
			sourceTree = "<group>";
		};
		02E109662D09CE13008D01F5 /* Font */ = {
			isa = PBXGroup;
			children = (
				02E109862D0B01BD008D01F5 /* Inter-Medium.ttf */,
				02E109722D0ACCC4008D01F5 /* Inter-Bold.ttf */,
				02E109742D0ACCD4008D01F5 /* Inter-Light.ttf */,
				02E109762D0ACCE2008D01F5 /* Inter-Regular.ttf */,
				02E109782D0ACCEF008D01F5 /* Inter-SemiBold.ttf */,
			);
			path = Font;
			sourceTree = "<group>";
		};
		02E1096D2D0AC515008D01F5 /* UI Components */ = {
			isa = PBXGroup;
			children = (
				02EAACB32D104ADD00EA68A5 /* View */,
				02EAACB02D104AAE00EA68A5 /* Button */,
				02EAACB12D104ABB00EA68A5 /* TextField */,
				02EAACB22D104ACA00EA68A5 /* Label */,
			);
			path = "UI Components";
			sourceTree = "<group>";
		};
		02EAACA52D1007B900EA68A5 /* ForgotPassword */ = {
			isa = PBXGroup;
			children = (
				02EAACA62D1007E300EA68A5 /* ForgotPasswordViewController.swift */,
				02EAACAA2D101CD600EA68A5 /* ForgotSheetViewController.swift */,
				02EAACB72D1050D800EA68A5 /* OTPViewController.swift */,
				0210E70E2D11878C009AA6D2 /* ChangePasswordViewController.swift */,
				0210E7122D1191A8009AA6D2 /* SuccessPasswordViewController.swift */,
			);
			path = ForgotPassword;
			sourceTree = "<group>";
		};
		02EAACB02D104AAE00EA68A5 /* Button */ = {
			isa = PBXGroup;
			children = (
				02E1096E2D0AC56B008D01F5 /* PrimaryButton.swift */,
				02E1097D2D0AF9B2008D01F5 /* ActionButton.swift */,
				02EAACB52D104B5600EA68A5 /* IconButton.swift */,
			);
			path = Button;
			sourceTree = "<group>";
		};
		02EAACB12D104ABB00EA68A5 /* TextField */ = {
			isa = PBXGroup;
			children = (
				02E1097A2D0AF91E008D01F5 /* AuthTextField.swift */,
				02EAACB92D1064F400EA68A5 /* OTPInputView.swift */,
			);
			path = TextField;
			sourceTree = "<group>";
		};
		02EAACB22D104ACA00EA68A5 /* Label */ = {
			isa = PBXGroup;
			children = (
				02E109702D0AC58B008D01F5 /* OnboardingLabel.swift */,
				02E109822D0AFEFA008D01F5 /* TitleLabel.swift */,
			);
			path = Label;
			sourceTree = "<group>";
		};
		02EAACB32D104ADD00EA68A5 /* View */ = {
			isa = PBXGroup;
			children = (
				02EAACAE2D103DD000EA68A5 /* NavigationBar.swift */,
				02EAACAC2D10319B00EA68A5 /* ForgotSheetOptionView.swift */,
				0210E7102D118CF9009AA6D2 /* SuccessfulPasswordView.swift */,
			);
			path = View;
			sourceTree = "<group>";
		};
		02FED9D22D11A8ED004A80CE /* ViewModel */ = {
			isa = PBXGroup;
			children = (
				026A23552D11C40D002AE2D2 /* RegisterViewModel.swift */,
				025312D62D14052F009D576B /* LoginViewModel.swift */,
			);
			path = ViewModel;
			sourceTree = "<group>";
		};
		02FED9D32D11A902004A80CE /* Manager */ = {
			isa = PBXGroup;
			children = (
				026A23532D11C2E9002AE2D2 /* FirebaseAuthManager.swift */,
			);
			path = Manager;
			sourceTree = "<group>";
		};
/* End PBXGroup section */

/* Begin PBXNativeTarget section */
		02E109342D0861B5008D01F5 /* AIFood */ = {
			isa = PBXNativeTarget;
			buildConfigurationList = 02E109492D0861B6008D01F5 /* Build configuration list for PBXNativeTarget "AIFood" */;
			buildPhases = (
				02E109312D0861B5008D01F5 /* Sources */,
				02E109322D0861B5008D01F5 /* Frameworks */,
				02E109332D0861B5008D01F5 /* Resources */,
			);
			buildRules = (
			);
			dependencies = (
			);
			name = AIFood;
			packageProductDependencies = (
				02E1095A2D0980B1008D01F5 /* SnapKit */,
				02FED9D02D119E65004A80CE /* FirebaseAuth */,
			);
			productName = AIFood;
			productReference = 02E109352D0861B5008D01F5 /* AIFood.app */;
			productType = "com.apple.product-type.application";
		};
/* End PBXNativeTarget section */

/* Begin PBXProject section */
		02E1092D2D0861B5008D01F5 /* Project object */ = {
			isa = PBXProject;
			attributes = {
				BuildIndependentTargetsInParallel = 1;
				LastSwiftUpdateCheck = 1540;
				LastUpgradeCheck = 1540;
				TargetAttributes = {
					02E109342D0861B5008D01F5 = {
						CreatedOnToolsVersion = 15.4;
					};
				};
			};
			buildConfigurationList = 02E109302D0861B5008D01F5 /* Build configuration list for PBXProject "AIFood" */;
			compatibilityVersion = "Xcode 14.0";
			developmentRegion = en;
			hasScannedForEncodings = 0;
			knownRegions = (
				en,
				Base,
			);
			mainGroup = 02E1092C2D0861B5008D01F5;
			packageReferences = (
				02E109592D0980B1008D01F5 /* XCRemoteSwiftPackageReference "SnapKit" */,
				02FED9CF2D119E65004A80CE /* XCRemoteSwiftPackageReference "firebase-ios-sdk" */,
			);
			productRefGroup = 02E109362D0861B5008D01F5 /* Products */;
			projectDirPath = "";
			projectRoot = "";
			targets = (
				02E109342D0861B5008D01F5 /* AIFood */,
			);
		};
/* End PBXProject section */

/* Begin PBXResourcesBuildPhase section */
		02E109332D0861B5008D01F5 /* Resources */ = {
			isa = PBXResourcesBuildPhase;
			buildActionMask = 2147483647;
			files = (
				02E109792D0ACCEF008D01F5 /* Inter-SemiBold.ttf in Resources */,
				02FED9CE2D119E0E004A80CE /* GoogleService-Info.plist in Resources */,
				02E109732D0ACCC4008D01F5 /* Inter-Bold.ttf in Resources */,
				02E109772D0ACCE2008D01F5 /* Inter-Regular.ttf in Resources */,
				02E109422D0861B6008D01F5 /* Assets.xcassets in Resources */,
				02E109872D0B01BD008D01F5 /* Inter-Medium.ttf in Resources */,
				02E109752D0ACCD4008D01F5 /* Inter-Light.ttf in Resources */,
				02E109452D0861B6008D01F5 /* Base in Resources */,
			);
			runOnlyForDeploymentPostprocessing = 0;
		};
/* End PBXResourcesBuildPhase section */

/* Begin PBXSourcesBuildPhase section */
		02E109312D0861B5008D01F5 /* Sources */ = {
			isa = PBXSourcesBuildPhase;
			buildActionMask = 2147483647;
			files = (
				02EAACAF2D103DD000EA68A5 /* NavigationBar.swift in Sources */,
				026144FC2D0C1CFC0047996E /* CustomPolicyView.swift in Sources */,
				026144F32D0C07CA0047996E /* UIViewController.swift in Sources */,
				026A23542D11C2E9002AE2D2 /* FirebaseAuthManager.swift in Sources */,
				02EAACBA2D1064F400EA68A5 /* OTPInputView.swift in Sources */,
				02E109582D097766008D01F5 /* LoginViewController.swift in Sources */,
				0210E7132D1191A8009AA6D2 /* SuccessPasswordViewController.swift in Sources */,
				02E109532D0976DF008D01F5 /* OnboardingModel.swift in Sources */,
				025312D72D14052F009D576B /* LoginViewModel.swift in Sources */,
				02E1093D2D0861B5008D01F5 /* OnboardingViewController.swift in Sources */,
				02E109712D0AC58B008D01F5 /* OnboardingLabel.swift in Sources */,
				02E1097B2D0AF91E008D01F5 /* AuthTextField.swift in Sources */,
				0210E7112D118CF9009AA6D2 /* SuccessfulPasswordView.swift in Sources */,
				02EAACB62D104B5600EA68A5 /* IconButton.swift in Sources */,
				02E1096F2D0AC56B008D01F5 /* PrimaryButton.swift in Sources */,
				02EAACAD2D10319B00EA68A5 /* ForgotSheetOptionView.swift in Sources */,
				02E109652D09CC78008D01F5 /* Constants.swift in Sources */,
				02E1097E2D0AF9B2008D01F5 /* ActionButton.swift in Sources */,
				02E109392D0861B5008D01F5 /* AppDelegate.swift in Sources */,
				026144F92D0C159C0047996E /* RegisterViewController.swift in Sources */,
				026A23592D1301C2002AE2D2 /* HomeViewController.swift in Sources */,
				02E1096C2D0AC453008D01F5 /* SlideView.swift in Sources */,
				0210E70F2D11878C009AA6D2 /* ChangePasswordViewController.swift in Sources */,
				02EAACA72D1007E300EA68A5 /* ForgotPasswordViewController.swift in Sources */,
				026144F52D0C124C0047996E /* String.swift in Sources */,
				02EAACB82D1050D800EA68A5 /* OTPViewController.swift in Sources */,
				026A23562D11C40D002AE2D2 /* RegisterViewModel.swift in Sources */,
				02E109832D0AFEFA008D01F5 /* TitleLabel.swift in Sources */,
				02E1093B2D0861B5008D01F5 /* SceneDelegate.swift in Sources */,
				02EAACAB2D101CD600EA68A5 /* ForgotSheetViewController.swift in Sources */,
			);
			runOnlyForDeploymentPostprocessing = 0;
		};
/* End PBXSourcesBuildPhase section */

/* Begin PBXVariantGroup section */
		02E109432D0861B6008D01F5 /* LaunchScreen.storyboard */ = {
			isa = PBXVariantGroup;
			children = (
				02E109442D0861B6008D01F5 /* Base */,
			);
			name = LaunchScreen.storyboard;
			sourceTree = "<group>";
		};
/* End PBXVariantGroup section */

/* Begin XCBuildConfiguration section */
		02E109472D0861B6008D01F5 /* Debug */ = {
			isa = XCBuildConfiguration;
			buildSettings = {
				ALWAYS_SEARCH_USER_PATHS = NO;
				ASSETCATALOG_COMPILER_GENERATE_SWIFT_ASSET_SYMBOL_EXTENSIONS = YES;
				CLANG_ANALYZER_NONNULL = YES;
				CLANG_ANALYZER_NUMBER_OBJECT_CONVERSION = YES_AGGRESSIVE;
				CLANG_CXX_LANGUAGE_STANDARD = "gnu++20";
				CLANG_ENABLE_MODULES = YES;
				CLANG_ENABLE_OBJC_ARC = YES;
				CLANG_ENABLE_OBJC_WEAK = YES;
				CLANG_WARN_BLOCK_CAPTURE_AUTORELEASING = YES;
				CLANG_WARN_BOOL_CONVERSION = YES;
				CLANG_WARN_COMMA = YES;
				CLANG_WARN_CONSTANT_CONVERSION = YES;
				CLANG_WARN_DEPRECATED_OBJC_IMPLEMENTATIONS = YES;
				CLANG_WARN_DIRECT_OBJC_ISA_USAGE = YES_ERROR;
				CLANG_WARN_DOCUMENTATION_COMMENTS = YES;
				CLANG_WARN_EMPTY_BODY = YES;
				CLANG_WARN_ENUM_CONVERSION = YES;
				CLANG_WARN_INFINITE_RECURSION = YES;
				CLANG_WARN_INT_CONVERSION = YES;
				CLANG_WARN_NON_LITERAL_NULL_CONVERSION = YES;
				CLANG_WARN_OBJC_IMPLICIT_RETAIN_SELF = YES;
				CLANG_WARN_OBJC_LITERAL_CONVERSION = YES;
				CLANG_WARN_OBJC_ROOT_CLASS = YES_ERROR;
				CLANG_WARN_QUOTED_INCLUDE_IN_FRAMEWORK_HEADER = YES;
				CLANG_WARN_RANGE_LOOP_ANALYSIS = YES;
				CLANG_WARN_STRICT_PROTOTYPES = YES;
				CLANG_WARN_SUSPICIOUS_MOVE = YES;
				CLANG_WARN_UNGUARDED_AVAILABILITY = YES_AGGRESSIVE;
				CLANG_WARN_UNREACHABLE_CODE = YES;
				CLANG_WARN__DUPLICATE_METHOD_MATCH = YES;
				COPY_PHASE_STRIP = NO;
				DEBUG_INFORMATION_FORMAT = dwarf;
				ENABLE_STRICT_OBJC_MSGSEND = YES;
				ENABLE_TESTABILITY = YES;
				ENABLE_USER_SCRIPT_SANDBOXING = YES;
				GCC_C_LANGUAGE_STANDARD = gnu17;
				GCC_DYNAMIC_NO_PIC = NO;
				GCC_NO_COMMON_BLOCKS = YES;
				GCC_OPTIMIZATION_LEVEL = 0;
				GCC_PREPROCESSOR_DEFINITIONS = (
					"DEBUG=1",
					"$(inherited)",
				);
				GCC_WARN_64_TO_32_BIT_CONVERSION = YES;
				GCC_WARN_ABOUT_RETURN_TYPE = YES_ERROR;
				GCC_WARN_UNDECLARED_SELECTOR = YES;
				GCC_WARN_UNINITIALIZED_AUTOS = YES_AGGRESSIVE;
				GCC_WARN_UNUSED_FUNCTION = YES;
				GCC_WARN_UNUSED_VARIABLE = YES;
				IPHONEOS_DEPLOYMENT_TARGET = 17.5;
				LOCALIZATION_PREFERS_STRING_CATALOGS = YES;
				MTL_ENABLE_DEBUG_INFO = INCLUDE_SOURCE;
				MTL_FAST_MATH = YES;
				ONLY_ACTIVE_ARCH = YES;
				SDKROOT = iphoneos;
				SWIFT_ACTIVE_COMPILATION_CONDITIONS = "DEBUG $(inherited)";
				SWIFT_OPTIMIZATION_LEVEL = "-Onone";
			};
			name = Debug;
		};
		02E109482D0861B6008D01F5 /* Release */ = {
			isa = XCBuildConfiguration;
			buildSettings = {
				ALWAYS_SEARCH_USER_PATHS = NO;
				ASSETCATALOG_COMPILER_GENERATE_SWIFT_ASSET_SYMBOL_EXTENSIONS = YES;
				CLANG_ANALYZER_NONNULL = YES;
				CLANG_ANALYZER_NUMBER_OBJECT_CONVERSION = YES_AGGRESSIVE;
				CLANG_CXX_LANGUAGE_STANDARD = "gnu++20";
				CLANG_ENABLE_MODULES = YES;
				CLANG_ENABLE_OBJC_ARC = YES;
				CLANG_ENABLE_OBJC_WEAK = YES;
				CLANG_WARN_BLOCK_CAPTURE_AUTORELEASING = YES;
				CLANG_WARN_BOOL_CONVERSION = YES;
				CLANG_WARN_COMMA = YES;
				CLANG_WARN_CONSTANT_CONVERSION = YES;
				CLANG_WARN_DEPRECATED_OBJC_IMPLEMENTATIONS = YES;
				CLANG_WARN_DIRECT_OBJC_ISA_USAGE = YES_ERROR;
				CLANG_WARN_DOCUMENTATION_COMMENTS = YES;
				CLANG_WARN_EMPTY_BODY = YES;
				CLANG_WARN_ENUM_CONVERSION = YES;
				CLANG_WARN_INFINITE_RECURSION = YES;
				CLANG_WARN_INT_CONVERSION = YES;
				CLANG_WARN_NON_LITERAL_NULL_CONVERSION = YES;
				CLANG_WARN_OBJC_IMPLICIT_RETAIN_SELF = YES;
				CLANG_WARN_OBJC_LITERAL_CONVERSION = YES;
				CLANG_WARN_OBJC_ROOT_CLASS = YES_ERROR;
				CLANG_WARN_QUOTED_INCLUDE_IN_FRAMEWORK_HEADER = YES;
				CLANG_WARN_RANGE_LOOP_ANALYSIS = YES;
				CLANG_WARN_STRICT_PROTOTYPES = YES;
				CLANG_WARN_SUSPICIOUS_MOVE = YES;
				CLANG_WARN_UNGUARDED_AVAILABILITY = YES_AGGRESSIVE;
				CLANG_WARN_UNREACHABLE_CODE = YES;
				CLANG_WARN__DUPLICATE_METHOD_MATCH = YES;
				COPY_PHASE_STRIP = NO;
				DEBUG_INFORMATION_FORMAT = "dwarf-with-dsym";
				ENABLE_NS_ASSERTIONS = NO;
				ENABLE_STRICT_OBJC_MSGSEND = YES;
				ENABLE_USER_SCRIPT_SANDBOXING = YES;
				GCC_C_LANGUAGE_STANDARD = gnu17;
				GCC_NO_COMMON_BLOCKS = YES;
				GCC_WARN_64_TO_32_BIT_CONVERSION = YES;
				GCC_WARN_ABOUT_RETURN_TYPE = YES_ERROR;
				GCC_WARN_UNDECLARED_SELECTOR = YES;
				GCC_WARN_UNINITIALIZED_AUTOS = YES_AGGRESSIVE;
				GCC_WARN_UNUSED_FUNCTION = YES;
				GCC_WARN_UNUSED_VARIABLE = YES;
				IPHONEOS_DEPLOYMENT_TARGET = 17.5;
				LOCALIZATION_PREFERS_STRING_CATALOGS = YES;
				MTL_ENABLE_DEBUG_INFO = NO;
				MTL_FAST_MATH = YES;
				SDKROOT = iphoneos;
				SWIFT_COMPILATION_MODE = wholemodule;
				VALIDATE_PRODUCT = YES;
			};
			name = Release;
		};
		02E1094A2D0861B6008D01F5 /* Debug */ = {
			isa = XCBuildConfiguration;
			buildSettings = {
				ASSETCATALOG_COMPILER_APPICON_NAME = AppIcon;
				ASSETCATALOG_COMPILER_GLOBAL_ACCENT_COLOR_NAME = AccentColor;
				CODE_SIGN_STYLE = Automatic;
				CURRENT_PROJECT_VERSION = 1;
				DEVELOPMENT_TEAM = XS5B289466;
				GENERATE_INFOPLIST_FILE = YES;
				INFOPLIST_FILE = AIFood/Application/Info.plist;
				INFOPLIST_KEY_UIApplicationSupportsIndirectInputEvents = YES;
				INFOPLIST_KEY_UILaunchStoryboardName = LaunchScreen;
				INFOPLIST_KEY_UISupportedInterfaceOrientations = UIInterfaceOrientationPortrait;
				IPHONEOS_DEPLOYMENT_TARGET = 15.0;
				LD_RUNPATH_SEARCH_PATHS = (
					"$(inherited)",
					"@executable_path/Frameworks",
				);
				MARKETING_VERSION = 1.0;
				PRODUCT_BUNDLE_IDENTIFIER = com.ffk.AIFood;
				PRODUCT_NAME = "$(TARGET_NAME)";
				SWIFT_EMIT_LOC_STRINGS = YES;
				SWIFT_VERSION = 5.0;
				TARGETED_DEVICE_FAMILY = "1,2";
			};
			name = Debug;
		};
		02E1094B2D0861B6008D01F5 /* Release */ = {
			isa = XCBuildConfiguration;
			buildSettings = {
				ASSETCATALOG_COMPILER_APPICON_NAME = AppIcon;
				ASSETCATALOG_COMPILER_GLOBAL_ACCENT_COLOR_NAME = AccentColor;
				CODE_SIGN_STYLE = Automatic;
				CURRENT_PROJECT_VERSION = 1;
				DEVELOPMENT_TEAM = XS5B289466;
				GENERATE_INFOPLIST_FILE = YES;
				INFOPLIST_FILE = AIFood/Application/Info.plist;
				INFOPLIST_KEY_UIApplicationSupportsIndirectInputEvents = YES;
				INFOPLIST_KEY_UILaunchStoryboardName = LaunchScreen;
				INFOPLIST_KEY_UISupportedInterfaceOrientations = UIInterfaceOrientationPortrait;
				IPHONEOS_DEPLOYMENT_TARGET = 15.0;
				LD_RUNPATH_SEARCH_PATHS = (
					"$(inherited)",
					"@executable_path/Frameworks",
				);
				MARKETING_VERSION = 1.0;
				PRODUCT_BUNDLE_IDENTIFIER = com.ffk.AIFood;
				PRODUCT_NAME = "$(TARGET_NAME)";
				SWIFT_EMIT_LOC_STRINGS = YES;
				SWIFT_VERSION = 5.0;
				TARGETED_DEVICE_FAMILY = "1,2";
			};
			name = Release;
		};
/* End XCBuildConfiguration section */

/* Begin XCConfigurationList section */
		02E109302D0861B5008D01F5 /* Build configuration list for PBXProject "AIFood" */ = {
			isa = XCConfigurationList;
			buildConfigurations = (
				02E109472D0861B6008D01F5 /* Debug */,
				02E109482D0861B6008D01F5 /* Release */,
			);
			defaultConfigurationIsVisible = 0;
			defaultConfigurationName = Release;
		};
		02E109492D0861B6008D01F5 /* Build configuration list for PBXNativeTarget "AIFood" */ = {
			isa = XCConfigurationList;
			buildConfigurations = (
				02E1094A2D0861B6008D01F5 /* Debug */,
				02E1094B2D0861B6008D01F5 /* Release */,
			);
			defaultConfigurationIsVisible = 0;
			defaultConfigurationName = Release;
		};
/* End XCConfigurationList section */

/* Begin XCRemoteSwiftPackageReference section */
		02E109592D0980B1008D01F5 /* XCRemoteSwiftPackageReference "SnapKit" */ = {
			isa = XCRemoteSwiftPackageReference;
			repositoryURL = "https://github.com/SnapKit/SnapKit.git";
			requirement = {
				kind = upToNextMajorVersion;
				minimumVersion = 5.7.1;
			};
		};
		02FED9CF2D119E65004A80CE /* XCRemoteSwiftPackageReference "firebase-ios-sdk" */ = {
			isa = XCRemoteSwiftPackageReference;
			repositoryURL = "https://github.com/firebase/firebase-ios-sdk";
			requirement = {
				kind = upToNextMajorVersion;
				minimumVersion = 11.6.0;
			};
		};
/* End XCRemoteSwiftPackageReference section */

/* Begin XCSwiftPackageProductDependency section */
		02E1095A2D0980B1008D01F5 /* SnapKit */ = {
			isa = XCSwiftPackageProductDependency;
			package = 02E109592D0980B1008D01F5 /* XCRemoteSwiftPackageReference "SnapKit" */;
			productName = SnapKit;
		};
		02FED9D02D119E65004A80CE /* FirebaseAuth */ = {
			isa = XCSwiftPackageProductDependency;
			package = 02FED9CF2D119E65004A80CE /* XCRemoteSwiftPackageReference "firebase-ios-sdk" */;
			productName = FirebaseAuth;
		};
/* End XCSwiftPackageProductDependency section */
	};
	rootObject = 02E1092D2D0861B5008D01F5 /* Project object */;
}
